{
  "requires": true,
  "lockfileVersion": 1,
  "dependencies": {
    "angular": {
      "version": "1.6.6",
      "resolved": "https://registry.npmjs.org/angular/-/angular-1.6.6.tgz",
      "integrity": "sha1-/Vo8+0N844LYVO4BEgeXl4Uny2Q="
    },
    "angular-leaflet-directive": {
      "version": "0.10.0",
      "resolved": "https://registry.npmjs.org/angular-leaflet-directive/-/angular-leaflet-directive-0.10.0.tgz",
      "integrity": "sha1-7CBZ9MEBfVvnILqamh4FgB6gF6E=",
      "requires": {
        "angular": "1.6.6",
        "leaflet": "0.7.7"
      }
    },
    "bower": {
      "version": "1.8.2",
      "resolved": "https://registry.npmjs.org/bower/-/bower-1.8.2.tgz",
      "integrity": "sha1-rfU1KcjUrwLvJPuNU0HBQZ0z4vc="
    },
    "leaflet": {
      "version": "0.7.7",
      "resolved": "https://registry.npmjs.org/leaflet/-/leaflet-0.7.7.tgz",
      "integrity": "sha1-HjUrpU5j0HZFH6NjyQCJDLLPde4="
    },
    "normalize.css": {
      "version": "7.0.0",
      "resolved": "https://registry.npmjs.org/normalize.css/-/normalize.css-7.0.0.tgz",
      "integrity": "sha1-q/sd2CRwZ04DIrU86xqvQSk45L8="
    }
  }
}
